
Microsoft Visual Studio Solution File, Format Version 12.00
# Visual Studio Version 16
VisualStudioVersion = 16.0.810.21
MinimumVisualStudioVersion = 10.0.40219.1
Project("{FAE04EC0-301F-11D3-BF4B-00C04F79EFBC}") = "DotNet-Demo", "DotNet-Demo\DotNet-Demo.csproj", "{D448C0B2-4BF0-4FF9-9822-2C45195B5E69}"
EndProject
Global
	GlobalSection(SolutionConfigurationPlatforms) = preSolution
		Debug|Any CPU = Debug|Any CPU
		Release|Any CPU = Release|Any CPU
	EndGlobalSection
	GlobalSection(ProjectConfigurationPlatforms) = postSolution
		{D448C0B2-4BF0-4FF9-9822-2C45195B5E69}.Debug|Any CPU.ActiveCfg = Debug|Any CPU
		{D448C0B2-4BF0-4FF9-9822-2C45195B5E69}.Debug|Any CPU.Build.0 = Debug|Any CPU
		{D448C0B2-4BF0-4FF9-9822-2C45195B5E69}.Release|Any CPU.ActiveCfg = Release|Any CPU
		{D448C0B2-4BF0-4FF9-9822-2C45195B5E69}.Release|Any CPU.Build.0 = Release|Any CPU
	EndGlobalSection
	GlobalSection(SolutionProperties) = preSolution
		HideSolutionNode = FALSE
	EndGlobalSection
	GlobalSection(ExtensibilityGlobals) = postSolution
		SolutionGuid = {DABB0D9D-5346-4D1E-9D36-429FB09D3D24}
	EndGlobalSection
EndGlobal
